
Microsoft Visual Studio Solution File, Format Version 12.00
# Visual Studio Version 16
VisualStudioVersion = 16.0.29728.190
MinimumVisualStudioVersion = 10.0.40219.1
Project("{FAE04EC0-301F-11D3-BF4B-00C04F79EFBC}") = "InsertionSort", "InsertionSort\InsertionSort.csproj", "{C0DACFDE-8AB2-4F27-9100-1170E9D7E3F2}"
EndProject
Global
	GlobalSection(SolutionConfigurationPlatforms) = preSolution
		Debug|Any CPU = Debug|Any CPU
		Release|Any CPU = Release|Any CPU
	EndGlobalSection
	GlobalSection(ProjectConfigurationPlatforms) = postSolution
		{C0DACFDE-8AB2-4F27-9100-1170E9D7E3F2}.Debug|Any CPU.ActiveCfg = Debug|Any CPU
		{C0DACFDE-8AB2-4F27-9100-1170E9D7E3F2}.Debug|Any CPU.Build.0 = Debug|Any CPU
		{C0DACFDE-8AB2-4F27-9100-1170E9D7E3F2}.Release|Any CPU.ActiveCfg = Release|Any CPU
		{C0DACFDE-8AB2-4F27-9100-1170E9D7E3F2}.Release|Any CPU.Build.0 = Release|Any CPU
	EndGlobalSection
	GlobalSection(SolutionProperties) = preSolution
		HideSolutionNode = FALSE
	EndGlobalSection
	GlobalSection(ExtensibilityGlobals) = postSolution
		SolutionGuid = {2C60DB7B-FF43-4F55-954B-07163A1183CC}
	EndGlobalSection
EndGlobal
